
Microsoft Visual Studio Solution File, Format Version 12.00
# Visual Studio Version 17
VisualStudioVersion = 17.7.34221.43
MinimumVisualStudioVersion = 10.0.40219.1
Project("{9A19103F-16F7-4668-BE54-9A1E7A4F7556}") = "UcenjeCS", "UcenjeCS\UcenjeCS.csproj", "{8EA9F54B-B4AD-408F-AC32-0ABC67128D8C}"
EndProject
Project("{FAE04EC0-301F-11D3-BF4B-00C04F79EFBC}") = "WebAPI", "WebAPI\WebAPI.csproj", "{ABCBD485-2AFD-4178-B79C-F459C315390E}"
EndProject
Global
	GlobalSection(SolutionConfigurationPlatforms) = preSolution
		Debug|Any CPU = Debug|Any CPU
		Release|Any CPU = Release|Any CPU
	EndGlobalSection
	GlobalSection(ProjectConfigurationPlatforms) = postSolution
		{8EA9F54B-B4AD-408F-AC32-0ABC67128D8C}.Debug|Any CPU.ActiveCfg = Debug|Any CPU
		{8EA9F54B-B4AD-408F-AC32-0ABC67128D8C}.Debug|Any CPU.Build.0 = Debug|Any CPU
		{8EA9F54B-B4AD-408F-AC32-0ABC67128D8C}.Release|Any CPU.ActiveCfg = Release|Any CPU
		{8EA9F54B-B4AD-408F-AC32-0ABC67128D8C}.Release|Any CPU.Build.0 = Release|Any CPU
		{ABCBD485-2AFD-4178-B79C-F459C315390E}.Debug|Any CPU.ActiveCfg = Debug|Any CPU
		{ABCBD485-2AFD-4178-B79C-F459C315390E}.Debug|Any CPU.Build.0 = Debug|Any CPU
		{ABCBD485-2AFD-4178-B79C-F459C315390E}.Release|Any CPU.ActiveCfg = Release|Any CPU
		{ABCBD485-2AFD-4178-B79C-F459C315390E}.Release|Any CPU.Build.0 = Release|Any CPU
	EndGlobalSection
	GlobalSection(SolutionProperties) = preSolution
		HideSolutionNode = FALSE
	EndGlobalSection
	GlobalSection(ExtensibilityGlobals) = postSolution
		SolutionGuid = {6CE81CCC-50C2-49D7-935F-6566D5BDF1D6}
	EndGlobalSection
EndGlobal
